
Microsoft Visual Studio Solution File, Format Version 12.00
# Visual Studio Version 17
VisualStudioVersion = 17.9.34728.123
MinimumVisualStudioVersion = 10.0.40219.1
Project("{FAE04EC0-301F-11D3-BF4B-00C04F79EFBC}") = "Core", "Core\Core.csproj", "{F5FCFB6F-4461-4A63-A327-0E1A82C49B67}"
EndProject
Project("{FAE04EC0-301F-11D3-BF4B-00C04F79EFBC}") = "Services", "Services\Services.csproj", "{AF957047-3870-4485-A04C-72755B8421E8}"
EndProject
Project("{FAE04EC0-301F-11D3-BF4B-00C04F79EFBC}") = "ECommerce", "ECommerce\ECommerce.csproj", "{AC71DD30-BEA5-49C6-8FDE-A5A7DAF452BD}"
EndProject
Global
	GlobalSection(SolutionConfigurationPlatforms) = preSolution
		Debug|Any CPU = Debug|Any CPU
		Release|Any CPU = Release|Any CPU
	EndGlobalSection
	GlobalSection(ProjectConfigurationPlatforms) = postSolution
		{F5FCFB6F-4461-4A63-A327-0E1A82C49B67}.Debug|Any CPU.ActiveCfg = Debug|Any CPU
		{F5FCFB6F-4461-4A63-A327-0E1A82C49B67}.Debug|Any CPU.Build.0 = Debug|Any CPU
		{F5FCFB6F-4461-4A63-A327-0E1A82C49B67}.Release|Any CPU.ActiveCfg = Release|Any CPU
		{F5FCFB6F-4461-4A63-A327-0E1A82C49B67}.Release|Any CPU.Build.0 = Release|Any CPU
		{AF957047-3870-4485-A04C-72755B8421E8}.Debug|Any CPU.ActiveCfg = Debug|Any CPU
		{AF957047-3870-4485-A04C-72755B8421E8}.Debug|Any CPU.Build.0 = Debug|Any CPU
		{AF957047-3870-4485-A04C-72755B8421E8}.Release|Any CPU.ActiveCfg = Release|Any CPU
		{AF957047-3870-4485-A04C-72755B8421E8}.Release|Any CPU.Build.0 = Release|Any CPU
		{AC71DD30-BEA5-49C6-8FDE-A5A7DAF452BD}.Debug|Any CPU.ActiveCfg = Debug|Any CPU
		{AC71DD30-BEA5-49C6-8FDE-A5A7DAF452BD}.Debug|Any CPU.Build.0 = Debug|Any CPU
		{AC71DD30-BEA5-49C6-8FDE-A5A7DAF452BD}.Release|Any CPU.ActiveCfg = Release|Any CPU
		{AC71DD30-BEA5-49C6-8FDE-A5A7DAF452BD}.Release|Any CPU.Build.0 = Release|Any CPU
	EndGlobalSection
	GlobalSection(SolutionProperties) = preSolution
		HideSolutionNode = FALSE
	EndGlobalSection
	GlobalSection(ExtensibilityGlobals) = postSolution
		SolutionGuid = {2291A66D-5A4C-4AB7-B194-1B30673A5895}
	EndGlobalSection
EndGlobal
